
Microsoft Visual Studio Solution File, Format Version 10.00
# Visual Studio 2008
Project("{FAE04EC0-301F-11D3-BF4B-00C04F79EFBC}") = "GameServer", "GameServer\GameServer.csproj", "{78B48037-B69C-4527-A41B-C439E954ED2D}"
EndProject
Project("{FAE04EC0-301F-11D3-BF4B-00C04F79EFBC}") = "GameClient", "GameClient\GameClient.csproj", "{CA0DEA9B-D069-493A-8118-5AF5CFE994CB}"
EndProject
Global
	GlobalSection(SolutionConfigurationPlatforms) = preSolution
		Debug|Any CPU = Debug|Any CPU
		Release|Any CPU = Release|Any CPU
	EndGlobalSection
	GlobalSection(ProjectConfigurationPlatforms) = postSolution
		{78B48037-B69C-4527-A41B-C439E954ED2D}.Debug|Any CPU.ActiveCfg = Debug|Any CPU
		{78B48037-B69C-4527-A41B-C439E954ED2D}.Debug|Any CPU.Build.0 = Debug|Any CPU
		{78B48037-B69C-4527-A41B-C439E954ED2D}.Release|Any CPU.ActiveCfg = Release|Any CPU
		{78B48037-B69C-4527-A41B-C439E954ED2D}.Release|Any CPU.Build.0 = Release|Any CPU
		{CA0DEA9B-D069-493A-8118-5AF5CFE994CB}.Debug|Any CPU.ActiveCfg = Debug|Any CPU
		{CA0DEA9B-D069-493A-8118-5AF5CFE994CB}.Debug|Any CPU.Build.0 = Debug|Any CPU
		{CA0DEA9B-D069-493A-8118-5AF5CFE994CB}.Release|Any CPU.ActiveCfg = Release|Any CPU
		{CA0DEA9B-D069-493A-8118-5AF5CFE994CB}.Release|Any CPU.Build.0 = Release|Any CPU
	EndGlobalSection
	GlobalSection(SolutionProperties) = preSolution
		HideSolutionNode = FALSE
	EndGlobalSection
EndGlobal
